
Microsoft Visual Studio Solution File, Format Version 12.00
# Visual Studio 2012
Project("{F184B08F-C81C-45F6-A57F-5ABD9991F28F}") = "Audrey's Application", "Audrey's Application\Audrey's Application.vbproj", "{CEF268BF-43F2-4196-98C9-AF79A72E48CC}"
EndProject
Global
	GlobalSection(SolutionConfigurationPlatforms) = preSolution
		Debug|Any CPU = Debug|Any CPU
		Release|Any CPU = Release|Any CPU
	EndGlobalSection
	GlobalSection(ProjectConfigurationPlatforms) = postSolution
		{CEF268BF-43F2-4196-98C9-AF79A72E48CC}.Debug|Any CPU.ActiveCfg = Debug|Any CPU
		{CEF268BF-43F2-4196-98C9-AF79A72E48CC}.Debug|Any CPU.Build.0 = Debug|Any CPU
		{CEF268BF-43F2-4196-98C9-AF79A72E48CC}.Release|Any CPU.ActiveCfg = Release|Any CPU
		{CEF268BF-43F2-4196-98C9-AF79A72E48CC}.Release|Any CPU.Build.0 = Release|Any CPU
	EndGlobalSection
	GlobalSection(SolutionProperties) = preSolution
		HideSolutionNode = FALSE
	EndGlobalSection
EndGlobal
